
Microsoft Visual Studio Solution File, Format Version 12.00
# Visual Studio Version 16
VisualStudioVersion = 16.0.31624.102
MinimumVisualStudioVersion = 10.0.40219.1
Project("{FAE04EC0-301F-11D3-BF4B-00C04F79EFBC}") = "CoronaVIrus.Android", "CoronaVIrus\CoronaVIrus.Android\CoronaVIrus.Android.csproj", "{DE5300D4-FD54-4495-92EE-736347571FA7}"
EndProject
Project("{FAE04EC0-301F-11D3-BF4B-00C04F79EFBC}") = "CoronaVIrus.iOS", "CoronaVIrus\CoronaVIrus.iOS\CoronaVIrus.iOS.csproj", "{07695D00-6CBA-4251-BD42-9F822DB2E9F1}"
EndProject
Project("{FAE04EC0-301F-11D3-BF4B-00C04F79EFBC}") = "CoronaVIrus", "CoronaVIrus\CoronaVIrus\CoronaVIrus.csproj", "{46E06D3B-1327-49BA-8F5F-E0131EA12ACF}"
EndProject
Global
	GlobalSection(SolutionConfigurationPlatforms) = preSolution
		Debug|Any CPU = Debug|Any CPU
		Debug|iPhone = Debug|iPhone
		Debug|iPhoneSimulator = Debug|iPhoneSimulator
		Release|Any CPU = Release|Any CPU
		Release|iPhone = Release|iPhone
		Release|iPhoneSimulator = Release|iPhoneSimulator
	EndGlobalSection
	GlobalSection(ProjectConfigurationPlatforms) = postSolution
		{DE5300D4-FD54-4495-92EE-736347571FA7}.Debug|Any CPU.ActiveCfg = Debug|Any CPU
		{DE5300D4-FD54-4495-92EE-736347571FA7}.Debug|Any CPU.Build.0 = Debug|Any CPU
		{DE5300D4-FD54-4495-92EE-736347571FA7}.Debug|Any CPU.Deploy.0 = Debug|Any CPU
		{DE5300D4-FD54-4495-92EE-736347571FA7}.Debug|iPhone.ActiveCfg = Debug|Any CPU
		{DE5300D4-FD54-4495-92EE-736347571FA7}.Debug|iPhone.Build.0 = Debug|Any CPU
		{DE5300D4-FD54-4495-92EE-736347571FA7}.Debug|iPhone.Deploy.0 = Debug|Any CPU
		{DE5300D4-FD54-4495-92EE-736347571FA7}.Debug|iPhoneSimulator.ActiveCfg = Debug|Any CPU
		{DE5300D4-FD54-4495-92EE-736347571FA7}.Debug|iPhoneSimulator.Build.0 = Debug|Any CPU
		{DE5300D4-FD54-4495-92EE-736347571FA7}.Debug|iPhoneSimulator.Deploy.0 = Debug|Any CPU
		{DE5300D4-FD54-4495-92EE-736347571FA7}.Release|Any CPU.ActiveCfg = Release|Any CPU
		{DE5300D4-FD54-4495-92EE-736347571FA7}.Release|Any CPU.Build.0 = Release|Any CPU
		{DE5300D4-FD54-4495-92EE-736347571FA7}.Release|Any CPU.Deploy.0 = Release|Any CPU
		{DE5300D4-FD54-4495-92EE-736347571FA7}.Release|iPhone.ActiveCfg = Release|Any CPU
		{DE5300D4-FD54-4495-92EE-736347571FA7}.Release|iPhone.Build.0 = Release|Any CPU
		{DE5300D4-FD54-4495-92EE-736347571FA7}.Release|iPhone.Deploy.0 = Release|Any CPU
		{DE5300D4-FD54-4495-92EE-736347571FA7}.Release|iPhoneSimulator.ActiveCfg = Release|Any CPU
		{DE5300D4-FD54-4495-92EE-736347571FA7}.Release|iPhoneSimulator.Build.0 = Release|Any CPU
		{DE5300D4-FD54-4495-92EE-736347571FA7}.Release|iPhoneSimulator.Deploy.0 = Release|Any CPU
		{07695D00-6CBA-4251-BD42-9F822DB2E9F1}.Debug|Any CPU.ActiveCfg = Debug|iPhone
		{07695D00-6CBA-4251-BD42-9F822DB2E9F1}.Debug|Any CPU.Build.0 = Debug|iPhone
		{07695D00-6CBA-4251-BD42-9F822DB2E9F1}.Debug|Any CPU.Deploy.0 = Debug|iPhone
		{07695D00-6CBA-4251-BD42-9F822DB2E9F1}.Debug|iPhone.ActiveCfg = Debug|iPhone
		{07695D00-6CBA-4251-BD42-9F822DB2E9F1}.Debug|iPhone.Build.0 = Debug|iPhone
		{07695D00-6CBA-4251-BD42-9F822DB2E9F1}.Debug|iPhone.Deploy.0 = Debug|iPhone
		{07695D00-6CBA-4251-BD42-9F822DB2E9F1}.Debug|iPhoneSimulator.ActiveCfg = Debug|iPhoneSimulator
		{07695D00-6CBA-4251-BD42-9F822DB2E9F1}.Debug|iPhoneSimulator.Build.0 = Debug|iPhoneSimulator
		{07695D00-6CBA-4251-BD42-9F822DB2E9F1}.Debug|iPhoneSimulator.Deploy.0 = Debug|iPhoneSimulator
		{07695D00-6CBA-4251-BD42-9F822DB2E9F1}.Release|Any CPU.ActiveCfg = Release|iPhoneSimulator
		{07695D00-6CBA-4251-BD42-9F822DB2E9F1}.Release|Any CPU.Build.0 = Release|iPhoneSimulator
		{07695D00-6CBA-4251-BD42-9F822DB2E9F1}.Release|Any CPU.Deploy.0 = Release|iPhoneSimulator
		{07695D00-6CBA-4251-BD42-9F822DB2E9F1}.Release|iPhone.ActiveCfg = Release|iPhone
		{07695D00-6CBA-4251-BD42-9F822DB2E9F1}.Release|iPhone.Build.0 = Release|iPhone
		{07695D00-6CBA-4251-BD42-9F822DB2E9F1}.Release|iPhone.Deploy.0 = Release|iPhone
		{07695D00-6CBA-4251-BD42-9F822DB2E9F1}.Release|iPhoneSimulator.ActiveCfg = Release|iPhoneSimulator
		{07695D00-6CBA-4251-BD42-9F822DB2E9F1}.Release|iPhoneSimulator.Build.0 = Release|iPhoneSimulator
		{07695D00-6CBA-4251-BD42-9F822DB2E9F1}.Release|iPhoneSimulator.Deploy.0 = Release|iPhoneSimulator
		{46E06D3B-1327-49BA-8F5F-E0131EA12ACF}.Debug|Any CPU.ActiveCfg = Debug|Any CPU
		{46E06D3B-1327-49BA-8F5F-E0131EA12ACF}.Debug|Any CPU.Build.0 = Debug|Any CPU
		{46E06D3B-1327-49BA-8F5F-E0131EA12ACF}.Debug|Any CPU.Deploy.0 = Debug|Any CPU
		{46E06D3B-1327-49BA-8F5F-E0131EA12ACF}.Debug|iPhone.ActiveCfg = Debug|Any CPU
		{46E06D3B-1327-49BA-8F5F-E0131EA12ACF}.Debug|iPhone.Build.0 = Debug|Any CPU
		{46E06D3B-1327-49BA-8F5F-E0131EA12ACF}.Debug|iPhone.Deploy.0 = Debug|Any CPU
		{46E06D3B-1327-49BA-8F5F-E0131EA12ACF}.Debug|iPhoneSimulator.ActiveCfg = Debug|Any CPU
		{46E06D3B-1327-49BA-8F5F-E0131EA12ACF}.Debug|iPhoneSimulator.Build.0 = Debug|Any CPU
		{46E06D3B-1327-49BA-8F5F-E0131EA12ACF}.Debug|iPhoneSimulator.Deploy.0 = Debug|Any CPU
		{46E06D3B-1327-49BA-8F5F-E0131EA12ACF}.Release|Any CPU.ActiveCfg = Release|Any CPU
		{46E06D3B-1327-49BA-8F5F-E0131EA12ACF}.Release|Any CPU.Build.0 = Release|Any CPU
		{46E06D3B-1327-49BA-8F5F-E0131EA12ACF}.Release|Any CPU.Deploy.0 = Release|Any CPU
		{46E06D3B-1327-49BA-8F5F-E0131EA12ACF}.Release|iPhone.ActiveCfg = Release|Any CPU
		{46E06D3B-1327-49BA-8F5F-E0131EA12ACF}.Release|iPhone.Build.0 = Release|Any CPU
		{46E06D3B-1327-49BA-8F5F-E0131EA12ACF}.Release|iPhone.Deploy.0 = Release|Any CPU
		{46E06D3B-1327-49BA-8F5F-E0131EA12ACF}.Release|iPhoneSimulator.ActiveCfg = Release|Any CPU
		{46E06D3B-1327-49BA-8F5F-E0131EA12ACF}.Release|iPhoneSimulator.Build.0 = Release|Any CPU
		{46E06D3B-1327-49BA-8F5F-E0131EA12ACF}.Release|iPhoneSimulator.Deploy.0 = Release|Any CPU
	EndGlobalSection
	GlobalSection(SolutionProperties) = preSolution
		HideSolutionNode = FALSE
	EndGlobalSection
	GlobalSection(ExtensibilityGlobals) = postSolution
		SolutionGuid = {CB938357-DE3E-40FD-B5E6-618FAB76E7F0}
	EndGlobalSection
EndGlobal
